dependencies:
- name: grafana-mcp
  repository: https://grafana.github.io/helm-charts
  version: 0.3.1
- name: kubernetes-mcp-server
  repository: oci://ghcr.io/containers/charts
  version: 0.1.0
- name: qdrant
  repository: https://qdrant.github.io/qdrant-helm
  version: 1.17.0
digest: sha256:1422505849a50dc9f67d28481f42f0488ea1bfa7b13248ec8227e3d10b2a7ae1
generated: "2026-03-06T16:43:31.528079+09:00"
